
Microsoft Visual Studio Solution File, Format Version 12.00
# Visual Studio 15
VisualStudioVersion = 15.0.28010.2036
MinimumVisualStudioVersion = 10.0.40219.1
Project("{FAE04EC0-301F-11D3-BF4B-00C04F79EFBC}") = "MVCmovie", "MVCmovie\MVCmovie.csproj", "{D14E8C3F-A7CA-4A9A-ADC9-D89100F39D92}"
EndProject
Global
	GlobalSection(SolutionConfigurationPlatforms) = preSolution
		Debug|Any CPU = Debug|Any CPU
		Release|Any CPU = Release|Any CPU
	EndGlobalSection
	GlobalSection(ProjectConfigurationPlatforms) = postSolution
		{D14E8C3F-A7CA-4A9A-ADC9-D89100F39D92}.Debug|Any CPU.ActiveCfg = Debug|Any CPU
		{D14E8C3F-A7CA-4A9A-ADC9-D89100F39D92}.Debug|Any CPU.Build.0 = Debug|Any CPU
		{D14E8C3F-A7CA-4A9A-ADC9-D89100F39D92}.Release|Any CPU.ActiveCfg = Release|Any CPU
		{D14E8C3F-A7CA-4A9A-ADC9-D89100F39D92}.Release|Any CPU.Build.0 = Release|Any CPU
	EndGlobalSection
	GlobalSection(SolutionProperties) = preSolution
		HideSolutionNode = FALSE
	EndGlobalSection
	GlobalSection(ExtensibilityGlobals) = postSolution
		SolutionGuid = {73BB2124-4E69-404D-BC49-C1475A76DACB}
	EndGlobalSection
EndGlobal
